PODS:
  - LevelGenerator (0.1.0)
  - SnapKit (5.6.0)
  - SwiftLint (0.47.1)

DEPENDENCIES:
  - LevelGenerator (from `LocalPods/LevelGenerator`)
  - SnapKit
  - SwiftLint

SPEC REPOS:
  trunk:
    - SnapKit
    - SwiftLint

EXTERNAL SOURCES:
  LevelGenerator:
    :path: LocalPods/LevelGenerator

SPEC CHECKSUMS:
  LevelGenerator: a6559a8adf91e17a8c04d82960cb40ce0e39fc9a
  SnapKit: e01d52ebb8ddbc333eefe2132acf85c8227d9c25
  SwiftLint: f80f1be7fa96d30e0aa68e58d45d4ea1ccaac519

PODFILE CHECKSUM: 7b9d62cf32429d74892c6440f0356b46219285fe

COCOAPODS: 1.11.3
