PODS:
  - LevelGenerator (0.1.0)
  - SwiftLint (0.47.0)

DEPENDENCIES:
  - LevelGenerator (from `LocalPods/LevelGenerator`)
  - SwiftLint

SPEC REPOS:
  trunk:
    - SwiftLint

EXTERNAL SOURCES:
  LevelGenerator:
    :path: LocalPods/LevelGenerator

SPEC CHECKSUMS:
  LevelGenerator: a6559a8adf91e17a8c04d82960cb40ce0e39fc9a
  SwiftLint: d41cc46a2ae58ac6d9f26954bc89f1d72e71fdef

PODFILE CHECKSUM: 3d563ab8b4a6920f2dd8f2a9ec86a0a16eda760d

COCOAPODS: 1.11.3
